
Microsoft Visual Studio Solution File, Format Version 12.00
# Visual Studio 2012
Project("{FAE04EC0-301F-11D3-BF4B-00C04F79EFBC}") = "WindowsFormsApplication1", "WindowsFormsApplication1\WindowsFormsApplication1.csproj", "{5CF945B1-726F-4154-9D80-AD077C668C7B}"
EndProject
Global
	GlobalSection(SolutionConfigurationPlatforms) = preSolution
		Debug|Any CPU = Debug|Any CPU
		Release|Any CPU = Release|Any CPU
	EndGlobalSection
	GlobalSection(ProjectConfigurationPlatforms) = postSolution
		{5CF945B1-726F-4154-9D80-AD077C668C7B}.Debug|Any CPU.ActiveCfg = Debug|Any CPU
		{5CF945B1-726F-4154-9D80-AD077C668C7B}.Debug|Any CPU.Build.0 = Debug|Any CPU
		{5CF945B1-726F-4154-9D80-AD077C668C7B}.Release|Any CPU.ActiveCfg = Release|Any CPU
		{5CF945B1-726F-4154-9D80-AD077C668C7B}.Release|Any CPU.Build.0 = Release|Any CPU
	EndGlobalSection
	GlobalSection(SolutionProperties) = preSolution
		HideSolutionNode = FALSE
	EndGlobalSection
EndGlobal
